
Microsoft Visual Studio Solution File, Format Version 12.00
# Visual Studio Version 16
VisualStudioVersion = 16.0.29709.97
MinimumVisualStudioVersion = 10.0.40219.1
Project("{FAE04EC0-301F-11D3-BF4B-00C04F79EFBC}") = "Dictinary_opg_1", "Dictinary_opg_1\Dictinary_opg_1.csproj", "{C0C1ED13-0A2D-46DD-BB26-735C47FFE0FA}"
EndProject
Global
	GlobalSection(SolutionConfigurationPlatforms) = preSolution
		Debug|Any CPU = Debug|Any CPU
		Release|Any CPU = Release|Any CPU
	EndGlobalSection
	GlobalSection(ProjectConfigurationPlatforms) = postSolution
		{C0C1ED13-0A2D-46DD-BB26-735C47FFE0FA}.Debug|Any CPU.ActiveCfg = Debug|Any CPU
		{C0C1ED13-0A2D-46DD-BB26-735C47FFE0FA}.Debug|Any CPU.Build.0 = Debug|Any CPU
		{C0C1ED13-0A2D-46DD-BB26-735C47FFE0FA}.Release|Any CPU.ActiveCfg = Release|Any CPU
		{C0C1ED13-0A2D-46DD-BB26-735C47FFE0FA}.Release|Any CPU.Build.0 = Release|Any CPU
	EndGlobalSection
	GlobalSection(SolutionProperties) = preSolution
		HideSolutionNode = FALSE
	EndGlobalSection
	GlobalSection(ExtensibilityGlobals) = postSolution
		SolutionGuid = {BECDB28D-2095-4B03-9D6F-152076CEF064}
	EndGlobalSection
EndGlobal
